
Microsoft Visual Studio Solution File, Format Version 12.00
# Visual Studio Version 17
VisualStudioVersion = 17.14.36127.28 d17.14
MinimumVisualStudioVersion = 10.0.40219.1
Project("{2150E333-8FDC-42A3-9474-1A3956D46DE8}") = "Solution Items", "Solution Items", "{BADA71DC-7FFD-4EDC-9F28-FB74AEADC713}"
	ProjectSection(SolutionItems) = preProject
		.gitignore = .gitignore
		README.md = README.md
		.gitea\workflows\build-net8-deb.yaml = .gitea\workflows\build-net8-deb.yaml
		.gitea\workflows\build-net9-choco.yaml = .gitea\workflows\build-net9-choco.yaml
	EndProjectSection
EndProject
Project("{FAE04EC0-301F-11D3-BF4B-00C04F79EFBC}") = "auvdisk", "auvdisk\auvdisk.csproj", "{834284AD-F0C3-45CF-9AF7-5896240EFEFF}"
EndProject
Project("{FAE04EC0-301F-11D3-BF4B-00C04F79EFBC}") = "auvdisk.test", "auvdisk.test\auvdisk.test.csproj", "{4661ACC1-16B0-4919-97F4-3BE330BC7A93}"
EndProject
Project("{2150E333-8FDC-42A3-9474-1A3956D46DE8}") = "ausharp", "ausharp", "{10B1D2B6-0B3C-4EF0-BFFF-97F9EB96BDAC}"
EndProject
Project("{FAE04EC0-301F-11D3-BF4B-00C04F79EFBC}") = "ausharp", "ausharp\ausharp\ausharp.csproj", "{517B6437-70BB-4771-BF85-93FA8A152813}"
EndProject
Project("{FAE04EC0-301F-11D3-BF4B-00C04F79EFBC}") = "ausharp.test", "ausharp\ausharp.test\ausharp.test.csproj", "{4A223825-1417-4181-A763-2A3B44681C75}"
EndProject
Global
	GlobalSection(SolutionConfigurationPlatforms) = preSolution
		Debug|Any CPU = Debug|Any CPU
		Release|Any CPU = Release|Any CPU
	EndGlobalSection
	GlobalSection(ProjectConfigurationPlatforms) = postSolution
		{834284AD-F0C3-45CF-9AF7-5896240EFEFF}.Debug|Any CPU.ActiveCfg = Debug|Any CPU
		{834284AD-F0C3-45CF-9AF7-5896240EFEFF}.Debug|Any CPU.Build.0 = Debug|Any CPU
		{834284AD-F0C3-45CF-9AF7-5896240EFEFF}.Release|Any CPU.ActiveCfg = Release|Any CPU
		{834284AD-F0C3-45CF-9AF7-5896240EFEFF}.Release|Any CPU.Build.0 = Release|Any CPU
		{4661ACC1-16B0-4919-97F4-3BE330BC7A93}.Debug|Any CPU.ActiveCfg = Debug|Any CPU
		{4661ACC1-16B0-4919-97F4-3BE330BC7A93}.Debug|Any CPU.Build.0 = Debug|Any CPU
		{4661ACC1-16B0-4919-97F4-3BE330BC7A93}.Release|Any CPU.ActiveCfg = Release|Any CPU
		{4661ACC1-16B0-4919-97F4-3BE330BC7A93}.Release|Any CPU.Build.0 = Release|Any CPU
		{517B6437-70BB-4771-BF85-93FA8A152813}.Debug|Any CPU.ActiveCfg = Debug|Any CPU
		{517B6437-70BB-4771-BF85-93FA8A152813}.Debug|Any CPU.Build.0 = Debug|Any CPU
		{517B6437-70BB-4771-BF85-93FA8A152813}.Release|Any CPU.ActiveCfg = Release|Any CPU
		{517B6437-70BB-4771-BF85-93FA8A152813}.Release|Any CPU.Build.0 = Release|Any CPU
		{4A223825-1417-4181-A763-2A3B44681C75}.Debug|Any CPU.ActiveCfg = Debug|Any CPU
		{4A223825-1417-4181-A763-2A3B44681C75}.Debug|Any CPU.Build.0 = Debug|Any CPU
		{4A223825-1417-4181-A763-2A3B44681C75}.Release|Any CPU.ActiveCfg = Release|Any CPU
		{4A223825-1417-4181-A763-2A3B44681C75}.Release|Any CPU.Build.0 = Release|Any CPU
	EndGlobalSection
	GlobalSection(SolutionProperties) = preSolution
		HideSolutionNode = FALSE
	EndGlobalSection
	GlobalSection(ExtensibilityGlobals) = postSolution
		SolutionGuid = {7818057C-E36A-48BE-BA20-6542E844BF76}
	EndGlobalSection
	GlobalSection(NestedProjects) = preSolution
		{517B6437-70BB-4771-BF85-93FA8A152813} = {10B1D2B6-0B3C-4EF0-BFFF-97F9EB96BDAC}
		{4A223825-1417-4181-A763-2A3B44681C75} = {10B1D2B6-0B3C-4EF0-BFFF-97F9EB96BDAC}
	EndGlobalSection
EndGlobal
